
Microsoft Visual Studio Solution File, Format Version 12.00
# Visual Studio Version 16
VisualStudioVersion = 16.0.30517.126
MinimumVisualStudioVersion = 10.0.40219.1
Project("{FAE04EC0-301F-11D3-BF4B-00C04F79EFBC}") = "XamarinApp.Android", "XamarinApp\XamarinApp.Android\XamarinApp.Android.csproj", "{5EB6EAA6-EF69-4720-85FC-2A264F70799E}"
EndProject
Project("{FAE04EC0-301F-11D3-BF4B-00C04F79EFBC}") = "XamarinApp.iOS", "XamarinApp\XamarinApp.iOS\XamarinApp.iOS.csproj", "{4C0BA7A8-B03B-4EB0-8227-B40D3369B17B}"
EndProject
Project("{FAE04EC0-301F-11D3-BF4B-00C04F79EFBC}") = "XamarinApp", "XamarinApp\XamarinApp\XamarinApp.csproj", "{03FBA7D0-12D6-4F63-A499-3E653DD9D25B}"
EndProject
Global
	GlobalSection(SolutionConfigurationPlatforms) = preSolution
		Debug|Any CPU = Debug|Any CPU
		Debug|iPhone = Debug|iPhone
		Debug|iPhoneSimulator = Debug|iPhoneSimulator
		Release|Any CPU = Release|Any CPU
		Release|iPhone = Release|iPhone
		Release|iPhoneSimulator = Release|iPhoneSimulator
	EndGlobalSection
	GlobalSection(ProjectConfigurationPlatforms) = postSolution
		{5EB6EAA6-EF69-4720-85FC-2A264F70799E}.Debug|Any CPU.ActiveCfg = Debug|Any CPU
		{5EB6EAA6-EF69-4720-85FC-2A264F70799E}.Debug|Any CPU.Build.0 = Debug|Any CPU
		{5EB6EAA6-EF69-4720-85FC-2A264F70799E}.Debug|Any CPU.Deploy.0 = Debug|Any CPU
		{5EB6EAA6-EF69-4720-85FC-2A264F70799E}.Debug|iPhone.ActiveCfg = Debug|Any CPU
		{5EB6EAA6-EF69-4720-85FC-2A264F70799E}.Debug|iPhone.Build.0 = Debug|Any CPU
		{5EB6EAA6-EF69-4720-85FC-2A264F70799E}.Debug|iPhone.Deploy.0 = Debug|Any CPU
		{5EB6EAA6-EF69-4720-85FC-2A264F70799E}.Debug|iPhoneSimulator.ActiveCfg = Debug|Any CPU
		{5EB6EAA6-EF69-4720-85FC-2A264F70799E}.Debug|iPhoneSimulator.Build.0 = Debug|Any CPU
		{5EB6EAA6-EF69-4720-85FC-2A264F70799E}.Debug|iPhoneSimulator.Deploy.0 = Debug|Any CPU
		{5EB6EAA6-EF69-4720-85FC-2A264F70799E}.Release|Any CPU.ActiveCfg = Release|Any CPU
		{5EB6EAA6-EF69-4720-85FC-2A264F70799E}.Release|Any CPU.Build.0 = Release|Any CPU
		{5EB6EAA6-EF69-4720-85FC-2A264F70799E}.Release|Any CPU.Deploy.0 = Release|Any CPU
		{5EB6EAA6-EF69-4720-85FC-2A264F70799E}.Release|iPhone.ActiveCfg = Release|Any CPU
		{5EB6EAA6-EF69-4720-85FC-2A264F70799E}.Release|iPhone.Build.0 = Release|Any CPU
		{5EB6EAA6-EF69-4720-85FC-2A264F70799E}.Release|iPhone.Deploy.0 = Release|Any CPU
		{5EB6EAA6-EF69-4720-85FC-2A264F70799E}.Release|iPhoneSimulator.ActiveCfg = Release|Any CPU
		{5EB6EAA6-EF69-4720-85FC-2A264F70799E}.Release|iPhoneSimulator.Build.0 = Release|Any CPU
		{5EB6EAA6-EF69-4720-85FC-2A264F70799E}.Release|iPhoneSimulator.Deploy.0 = Release|Any CPU
		{4C0BA7A8-B03B-4EB0-8227-B40D3369B17B}.Debug|Any CPU.ActiveCfg = Debug|iPhone
		{4C0BA7A8-B03B-4EB0-8227-B40D3369B17B}.Debug|Any CPU.Build.0 = Debug|iPhone
		{4C0BA7A8-B03B-4EB0-8227-B40D3369B17B}.Debug|Any CPU.Deploy.0 = Debug|iPhone
		{4C0BA7A8-B03B-4EB0-8227-B40D3369B17B}.Debug|iPhone.ActiveCfg = Debug|iPhone
		{4C0BA7A8-B03B-4EB0-8227-B40D3369B17B}.Debug|iPhone.Build.0 = Debug|iPhone
		{4C0BA7A8-B03B-4EB0-8227-B40D3369B17B}.Debug|iPhone.Deploy.0 = Debug|iPhone
		{4C0BA7A8-B03B-4EB0-8227-B40D3369B17B}.Debug|iPhoneSimulator.ActiveCfg = Debug|iPhoneSimulator
		{4C0BA7A8-B03B-4EB0-8227-B40D3369B17B}.Debug|iPhoneSimulator.Build.0 = Debug|iPhoneSimulator
		{4C0BA7A8-B03B-4EB0-8227-B40D3369B17B}.Debug|iPhoneSimulator.Deploy.0 = Debug|iPhoneSimulator
		{4C0BA7A8-B03B-4EB0-8227-B40D3369B17B}.Release|Any CPU.ActiveCfg = Release|iPhoneSimulator
		{4C0BA7A8-B03B-4EB0-8227-B40D3369B17B}.Release|Any CPU.Build.0 = Release|iPhoneSimulator
		{4C0BA7A8-B03B-4EB0-8227-B40D3369B17B}.Release|Any CPU.Deploy.0 = Release|iPhoneSimulator
		{4C0BA7A8-B03B-4EB0-8227-B40D3369B17B}.Release|iPhone.ActiveCfg = Release|iPhone
		{4C0BA7A8-B03B-4EB0-8227-B40D3369B17B}.Release|iPhone.Build.0 = Release|iPhone
		{4C0BA7A8-B03B-4EB0-8227-B40D3369B17B}.Release|iPhone.Deploy.0 = Release|iPhone
		{4C0BA7A8-B03B-4EB0-8227-B40D3369B17B}.Release|iPhoneSimulator.ActiveCfg = Release|iPhoneSimulator
		{4C0BA7A8-B03B-4EB0-8227-B40D3369B17B}.Release|iPhoneSimulator.Build.0 = Release|iPhoneSimulator
		{4C0BA7A8-B03B-4EB0-8227-B40D3369B17B}.Release|iPhoneSimulator.Deploy.0 = Release|iPhoneSimulator
		{03FBA7D0-12D6-4F63-A499-3E653DD9D25B}.Debug|Any CPU.ActiveCfg = Debug|Any CPU
		{03FBA7D0-12D6-4F63-A499-3E653DD9D25B}.Debug|Any CPU.Build.0 = Debug|Any CPU
		{03FBA7D0-12D6-4F63-A499-3E653DD9D25B}.Debug|Any CPU.Deploy.0 = Debug|Any CPU
		{03FBA7D0-12D6-4F63-A499-3E653DD9D25B}.Debug|iPhone.ActiveCfg = Debug|Any CPU
		{03FBA7D0-12D6-4F63-A499-3E653DD9D25B}.Debug|iPhone.Build.0 = Debug|Any CPU
		{03FBA7D0-12D6-4F63-A499-3E653DD9D25B}.Debug|iPhone.Deploy.0 = Debug|Any CPU
		{03FBA7D0-12D6-4F63-A499-3E653DD9D25B}.Debug|iPhoneSimulator.ActiveCfg = Debug|Any CPU
		{03FBA7D0-12D6-4F63-A499-3E653DD9D25B}.Debug|iPhoneSimulator.Build.0 = Debug|Any CPU
		{03FBA7D0-12D6-4F63-A499-3E653DD9D25B}.Debug|iPhoneSimulator.Deploy.0 = Debug|Any CPU
		{03FBA7D0-12D6-4F63-A499-3E653DD9D25B}.Release|Any CPU.ActiveCfg = Release|Any CPU
		{03FBA7D0-12D6-4F63-A499-3E653DD9D25B}.Release|Any CPU.Build.0 = Release|Any CPU
		{03FBA7D0-12D6-4F63-A499-3E653DD9D25B}.Release|Any CPU.Deploy.0 = Release|Any CPU
		{03FBA7D0-12D6-4F63-A499-3E653DD9D25B}.Release|iPhone.ActiveCfg = Release|Any CPU
		{03FBA7D0-12D6-4F63-A499-3E653DD9D25B}.Release|iPhone.Build.0 = Release|Any CPU
		{03FBA7D0-12D6-4F63-A499-3E653DD9D25B}.Release|iPhone.Deploy.0 = Release|Any CPU
		{03FBA7D0-12D6-4F63-A499-3E653DD9D25B}.Release|iPhoneSimulator.ActiveCfg = Release|Any CPU
		{03FBA7D0-12D6-4F63-A499-3E653DD9D25B}.Release|iPhoneSimulator.Build.0 = Release|Any CPU
		{03FBA7D0-12D6-4F63-A499-3E653DD9D25B}.Release|iPhoneSimulator.Deploy.0 = Release|Any CPU
	EndGlobalSection
	GlobalSection(SolutionProperties) = preSolution
		HideSolutionNode = FALSE
	EndGlobalSection
	GlobalSection(ExtensibilityGlobals) = postSolution
		SolutionGuid = {4E2DE32D-EFF1-479A-BEEF-93E7B2924943}
	EndGlobalSection
EndGlobal
